
Microsoft Visual Studio Solution File, Format Version 12.00
# Visual Studio Version 17
VisualStudioVersion = 17.5.33502.453
MinimumVisualStudioVersion = 10.0.40219.1
Project("{2150E333-8FDC-42A3-9474-1A3956D46DE8}") = "src", "src", "{B270F572-4478-44A3-B0A7-3945A04D4281}"
EndProject
Project("{2150E333-8FDC-42A3-9474-1A3956D46DE8}") = "tests", "tests", "{3B54E992-46F4-443D-8FE9-729A00B31CF3}"
EndProject
Project("{2150E333-8FDC-42A3-9474-1A3956D46DE8}") = "UI", "UI", "{D11A602A-F888-4220-AD1D-7B5FE41E0909}"
EndProject
Project("{2150E333-8FDC-42A3-9474-1A3956D46DE8}") = "API", "API", "{B8BF6038-354B-4BFE-B537-572CF6C905E2}"
EndProject
Project("{2150E333-8FDC-42A3-9474-1A3956D46DE8}") = "Infrastructure", "Infrastructure", "{5DA218AF-3CBD-4540-838C-77AA3097DD43}"
EndProject
Project("{2150E333-8FDC-42A3-9474-1A3956D46DE8}") = "Core", "Core", "{2610E73A-7208-42A8-8AB2-83FCE489CB98}"
EndProject
Project("{9A19103F-16F7-4668-BE54-9A1E7A4F7556}") = "HR.LeaveManagement.Domain", "src\Core\HR.LeaveManagement.Domain\HR.LeaveManagement.Domain.csproj", "{647452E4-8138-479D-95EA-80FB959C5D7A}"
EndProject
Project("{9A19103F-16F7-4668-BE54-9A1E7A4F7556}") = "HR.LeaveManagement.Application", "src\Core\HR.LeaveManagement.Application\HR.LeaveManagement.Application.csproj", "{92F2DF1A-F485-44A2-9364-488CE2AD3EC5}"
EndProject
Project("{9A19103F-16F7-4668-BE54-9A1E7A4F7556}") = "HR.LeaveManagement.Persistence", "src\Infrastructure\HR.LeaveManagement.Persistence\HR.LeaveManagement.Persistence.csproj", "{CB85FB3C-144A-4A58-B5EC-FA52F9BA4C71}"
EndProject
Project("{9A19103F-16F7-4668-BE54-9A1E7A4F7556}") = "HR.LeaveManagement.Infrastructure", "src\Infrastructure\HR.LeaveManagement.Infrastructure\HR.LeaveManagement.Infrastructure.csproj", "{EB367C41-9E92-4EAF-9D3B-BE7D92E9AF75}"
EndProject
Project("{9A19103F-16F7-4668-BE54-9A1E7A4F7556}") = "HR.LeaveManagement.Api", "src\API\HR.LeaveManagement.Api\HR.LeaveManagement.Api.csproj", "{7ABF686E-23CC-4C6F-9EB5-3C3776D59469}"
EndProject
Project("{9A19103F-16F7-4668-BE54-9A1E7A4F7556}") = "HR.LeaveManagement.Application.UnitTests", "tests\HR.LeaveManagement.Application.UnitTests\HR.LeaveManagement.Application.UnitTests.csproj", "{91D90D94-4829-4356-BE9B-6B3095000F6E}"
EndProject
Project("{FAE04EC0-301F-11D3-BF4B-00C04F79EFBC}") = "HR.LeaveManagement.Persistence.IntegrationTests", "tests\HR.LeaveManagement.Persistence.IntegrationTests\HR.LeaveManagement.Persistence.IntegrationTests.csproj", "{DA4D3E65-1CE0-4A8F-A72C-4CB5E9260507}"
EndProject
Global
	GlobalSection(SolutionConfigurationPlatforms) = preSolution
		Debug|Any CPU = Debug|Any CPU
		Release|Any CPU = Release|Any CPU
	EndGlobalSection
	GlobalSection(ProjectConfigurationPlatforms) = postSolution
		{647452E4-8138-479D-95EA-80FB959C5D7A}.Debug|Any CPU.ActiveCfg = Debug|Any CPU
		{647452E4-8138-479D-95EA-80FB959C5D7A}.Debug|Any CPU.Build.0 = Debug|Any CPU
		{647452E4-8138-479D-95EA-80FB959C5D7A}.Release|Any CPU.ActiveCfg = Release|Any CPU
		{647452E4-8138-479D-95EA-80FB959C5D7A}.Release|Any CPU.Build.0 = Release|Any CPU
		{92F2DF1A-F485-44A2-9364-488CE2AD3EC5}.Debug|Any CPU.ActiveCfg = Debug|Any CPU
		{92F2DF1A-F485-44A2-9364-488CE2AD3EC5}.Debug|Any CPU.Build.0 = Debug|Any CPU
		{92F2DF1A-F485-44A2-9364-488CE2AD3EC5}.Release|Any CPU.ActiveCfg = Release|Any CPU
		{92F2DF1A-F485-44A2-9364-488CE2AD3EC5}.Release|Any CPU.Build.0 = Release|Any CPU
		{CB85FB3C-144A-4A58-B5EC-FA52F9BA4C71}.Debug|Any CPU.ActiveCfg = Debug|Any CPU
		{CB85FB3C-144A-4A58-B5EC-FA52F9BA4C71}.Debug|Any CPU.Build.0 = Debug|Any CPU
		{CB85FB3C-144A-4A58-B5EC-FA52F9BA4C71}.Release|Any CPU.ActiveCfg = Release|Any CPU
		{CB85FB3C-144A-4A58-B5EC-FA52F9BA4C71}.Release|Any CPU.Build.0 = Release|Any CPU
		{EB367C41-9E92-4EAF-9D3B-BE7D92E9AF75}.Debug|Any CPU.ActiveCfg = Debug|Any CPU
		{EB367C41-9E92-4EAF-9D3B-BE7D92E9AF75}.Debug|Any CPU.Build.0 = Debug|Any CPU
		{EB367C41-9E92-4EAF-9D3B-BE7D92E9AF75}.Release|Any CPU.ActiveCfg = Release|Any CPU
		{EB367C41-9E92-4EAF-9D3B-BE7D92E9AF75}.Release|Any CPU.Build.0 = Release|Any CPU
		{7ABF686E-23CC-4C6F-9EB5-3C3776D59469}.Debug|Any CPU.ActiveCfg = Debug|Any CPU
		{7ABF686E-23CC-4C6F-9EB5-3C3776D59469}.Debug|Any CPU.Build.0 = Debug|Any CPU
		{7ABF686E-23CC-4C6F-9EB5-3C3776D59469}.Release|Any CPU.ActiveCfg = Release|Any CPU
		{7ABF686E-23CC-4C6F-9EB5-3C3776D59469}.Release|Any CPU.Build.0 = Release|Any CPU
		{91D90D94-4829-4356-BE9B-6B3095000F6E}.Debug|Any CPU.ActiveCfg = Debug|Any CPU
		{91D90D94-4829-4356-BE9B-6B3095000F6E}.Debug|Any CPU.Build.0 = Debug|Any CPU
		{91D90D94-4829-4356-BE9B-6B3095000F6E}.Release|Any CPU.ActiveCfg = Release|Any CPU
		{91D90D94-4829-4356-BE9B-6B3095000F6E}.Release|Any CPU.Build.0 = Release|Any CPU
		{DA4D3E65-1CE0-4A8F-A72C-4CB5E9260507}.Debug|Any CPU.ActiveCfg = Debug|Any CPU
		{DA4D3E65-1CE0-4A8F-A72C-4CB5E9260507}.Debug|Any CPU.Build.0 = Debug|Any CPU
		{DA4D3E65-1CE0-4A8F-A72C-4CB5E9260507}.Release|Any CPU.ActiveCfg = Release|Any CPU
		{DA4D3E65-1CE0-4A8F-A72C-4CB5E9260507}.Release|Any CPU.Build.0 = Release|Any CPU
	EndGlobalSection
	GlobalSection(SolutionProperties) = preSolution
		HideSolutionNode = FALSE
	EndGlobalSection
	GlobalSection(NestedProjects) = preSolution
		{D11A602A-F888-4220-AD1D-7B5FE41E0909} = {B270F572-4478-44A3-B0A7-3945A04D4281}
		{B8BF6038-354B-4BFE-B537-572CF6C905E2} = {B270F572-4478-44A3-B0A7-3945A04D4281}
		{5DA218AF-3CBD-4540-838C-77AA3097DD43} = {B270F572-4478-44A3-B0A7-3945A04D4281}
		{2610E73A-7208-42A8-8AB2-83FCE489CB98} = {B270F572-4478-44A3-B0A7-3945A04D4281}
		{647452E4-8138-479D-95EA-80FB959C5D7A} = {2610E73A-7208-42A8-8AB2-83FCE489CB98}
		{92F2DF1A-F485-44A2-9364-488CE2AD3EC5} = {2610E73A-7208-42A8-8AB2-83FCE489CB98}
		{CB85FB3C-144A-4A58-B5EC-FA52F9BA4C71} = {5DA218AF-3CBD-4540-838C-77AA3097DD43}
		{EB367C41-9E92-4EAF-9D3B-BE7D92E9AF75} = {5DA218AF-3CBD-4540-838C-77AA3097DD43}
		{7ABF686E-23CC-4C6F-9EB5-3C3776D59469} = {B8BF6038-354B-4BFE-B537-572CF6C905E2}
		{91D90D94-4829-4356-BE9B-6B3095000F6E} = {3B54E992-46F4-443D-8FE9-729A00B31CF3}
		{DA4D3E65-1CE0-4A8F-A72C-4CB5E9260507} = {3B54E992-46F4-443D-8FE9-729A00B31CF3}
	EndGlobalSection
	GlobalSection(ExtensibilityGlobals) = postSolution
		SolutionGuid = {509AB504-979D-48E0-B1A1-89751A2629D0}
	EndGlobalSection
EndGlobal
